
Microsoft Visual Studio Solution File, Format Version 12.00
# Visual Studio 15
VisualStudioVersion = 15.0.28307.329
MinimumVisualStudioVersion = 10.0.40219.1
Project("{FAE04EC0-301F-11D3-BF4B-00C04F79EFBC}") = "labHello", "labHello\labHello.csproj", "{7447C3D6-D713-4D7A-A09E-DC6F094A6585}"
EndProject
Global
	GlobalSection(SolutionConfigurationPlatforms) = preSolution
		Debug|Any CPU = Debug|Any CPU
		Release|Any CPU = Release|Any CPU
	EndGlobalSection
	GlobalSection(ProjectConfigurationPlatforms) = postSolution
		{7447C3D6-D713-4D7A-A09E-DC6F094A6585}.Debug|Any CPU.ActiveCfg = Debug|Any CPU
		{7447C3D6-D713-4D7A-A09E-DC6F094A6585}.Debug|Any CPU.Build.0 = Debug|Any CPU
		{7447C3D6-D713-4D7A-A09E-DC6F094A6585}.Release|Any CPU.ActiveCfg = Release|Any CPU
		{7447C3D6-D713-4D7A-A09E-DC6F094A6585}.Release|Any CPU.Build.0 = Release|Any CPU
	EndGlobalSection
	GlobalSection(SolutionProperties) = preSolution
		HideSolutionNode = FALSE
	EndGlobalSection
	GlobalSection(ExtensibilityGlobals) = postSolution
		SolutionGuid = {36621A73-0244-4215-84A8-7CCDD67667BA}
	EndGlobalSection
EndGlobal
