
Microsoft Visual Studio Solution File, Format Version 12.00
# Visual Studio 15
VisualStudioVersion = 15.0.28307.329
MinimumVisualStudioVersion = 10.0.40219.1
Project("{FAE04EC0-301F-11D3-BF4B-00C04F79EFBC}") = "labTimer", "labTimer\labTimer.csproj", "{68483BDD-DD55-49EE-81B3-3012605D992E}"
EndProject
Global
	GlobalSection(SolutionConfigurationPlatforms) = preSolution
		Debug|Any CPU = Debug|Any CPU
		Release|Any CPU = Release|Any CPU
	EndGlobalSection
	GlobalSection(ProjectConfigurationPlatforms) = postSolution
		{68483BDD-DD55-49EE-81B3-3012605D992E}.Debug|Any CPU.ActiveCfg = Debug|Any CPU
		{68483BDD-DD55-49EE-81B3-3012605D992E}.Debug|Any CPU.Build.0 = Debug|Any CPU
		{68483BDD-DD55-49EE-81B3-3012605D992E}.Release|Any CPU.ActiveCfg = Release|Any CPU
		{68483BDD-DD55-49EE-81B3-3012605D992E}.Release|Any CPU.Build.0 = Release|Any CPU
	EndGlobalSection
	GlobalSection(SolutionProperties) = preSolution
		HideSolutionNode = FALSE
	EndGlobalSection
	GlobalSection(ExtensibilityGlobals) = postSolution
		SolutionGuid = {44F37C4A-3E0D-4A73-A462-0F89746B849B}
	EndGlobalSection
EndGlobal
