
Microsoft Visual Studio Solution File, Format Version 12.00
# Visual Studio 15
VisualStudioVersion = 15.0.28307.329
MinimumVisualStudioVersion = 10.0.40219.1
Project("{FAE04EC0-301F-11D3-BF4B-00C04F79EFBC}") = "labGenPassword", "labGenPassword\labGenPassword.csproj", "{C0CF93E1-0999-4490-A77F-5DFA638EC5CC}"
EndProject
Project("{FAE04EC0-301F-11D3-BF4B-00C04F79EFBC}") = "GenPassword", "GenPassword\GenPassword.csproj", "{A4EE9CBF-4CB4-4A94-961B-BDD27BF6714F}"
EndProject
Project("{FAE04EC0-301F-11D3-BF4B-00C04F79EFBC}") = "GenPasswordConsole", "GenPasswordConsole\GenPasswordConsole.csproj", "{196EDD82-7337-4BDA-B3C8-D051B8BD6790}"
EndProject
Project("{FAE04EC0-301F-11D3-BF4B-00C04F79EFBC}") = "GenPasswordTests1", "GenPasswordTests1\GenPasswordTests1.csproj", "{F88F5956-CB31-4C17-A421-33BBF1F03DA5}"
EndProject
Global
	GlobalSection(SolutionConfigurationPlatforms) = preSolution
		Debug|Any CPU = Debug|Any CPU
		Release|Any CPU = Release|Any CPU
	EndGlobalSection
	GlobalSection(ProjectConfigurationPlatforms) = postSolution
		{C0CF93E1-0999-4490-A77F-5DFA638EC5CC}.Debug|Any CPU.ActiveCfg = Debug|Any CPU
		{C0CF93E1-0999-4490-A77F-5DFA638EC5CC}.Debug|Any CPU.Build.0 = Debug|Any CPU
		{C0CF93E1-0999-4490-A77F-5DFA638EC5CC}.Release|Any CPU.ActiveCfg = Release|Any CPU
		{C0CF93E1-0999-4490-A77F-5DFA638EC5CC}.Release|Any CPU.Build.0 = Release|Any CPU
		{A4EE9CBF-4CB4-4A94-961B-BDD27BF6714F}.Debug|Any CPU.ActiveCfg = Debug|Any CPU
		{A4EE9CBF-4CB4-4A94-961B-BDD27BF6714F}.Debug|Any CPU.Build.0 = Debug|Any CPU
		{A4EE9CBF-4CB4-4A94-961B-BDD27BF6714F}.Release|Any CPU.ActiveCfg = Release|Any CPU
		{A4EE9CBF-4CB4-4A94-961B-BDD27BF6714F}.Release|Any CPU.Build.0 = Release|Any CPU
		{196EDD82-7337-4BDA-B3C8-D051B8BD6790}.Debug|Any CPU.ActiveCfg = Debug|Any CPU
		{196EDD82-7337-4BDA-B3C8-D051B8BD6790}.Debug|Any CPU.Build.0 = Debug|Any CPU
		{196EDD82-7337-4BDA-B3C8-D051B8BD6790}.Release|Any CPU.ActiveCfg = Release|Any CPU
		{196EDD82-7337-4BDA-B3C8-D051B8BD6790}.Release|Any CPU.Build.0 = Release|Any CPU
		{F88F5956-CB31-4C17-A421-33BBF1F03DA5}.Debug|Any CPU.ActiveCfg = Debug|Any CPU
		{F88F5956-CB31-4C17-A421-33BBF1F03DA5}.Debug|Any CPU.Build.0 = Debug|Any CPU
		{F88F5956-CB31-4C17-A421-33BBF1F03DA5}.Release|Any CPU.ActiveCfg = Release|Any CPU
		{F88F5956-CB31-4C17-A421-33BBF1F03DA5}.Release|Any CPU.Build.0 = Release|Any CPU
	EndGlobalSection
	GlobalSection(SolutionProperties) = preSolution
		HideSolutionNode = FALSE
	EndGlobalSection
	GlobalSection(ExtensibilityGlobals) = postSolution
		SolutionGuid = {C1E2306C-1308-43BD-B3CE-84A9ED4644F9}
	EndGlobalSection
EndGlobal
