
Microsoft Visual Studio Solution File, Format Version 12.00
# Visual Studio 15
VisualStudioVersion = 15.0.28307.329
MinimumVisualStudioVersion = 10.0.40219.1
Project("{FAE04EC0-301F-11D3-BF4B-00C04F79EFBC}") = "labArrayList", "labArrayList\labArrayList.csproj", "{5910D0CC-303B-40EE-8FBC-5FC091384BF9}"
EndProject
Global
	GlobalSection(SolutionConfigurationPlatforms) = preSolution
		Debug|Any CPU = Debug|Any CPU
		Release|Any CPU = Release|Any CPU
	EndGlobalSection
	GlobalSection(ProjectConfigurationPlatforms) = postSolution
		{5910D0CC-303B-40EE-8FBC-5FC091384BF9}.Debug|Any CPU.ActiveCfg = Debug|Any CPU
		{5910D0CC-303B-40EE-8FBC-5FC091384BF9}.Debug|Any CPU.Build.0 = Debug|Any CPU
		{5910D0CC-303B-40EE-8FBC-5FC091384BF9}.Release|Any CPU.ActiveCfg = Release|Any CPU
		{5910D0CC-303B-40EE-8FBC-5FC091384BF9}.Release|Any CPU.Build.0 = Release|Any CPU
	EndGlobalSection
	GlobalSection(SolutionProperties) = preSolution
		HideSolutionNode = FALSE
	EndGlobalSection
	GlobalSection(ExtensibilityGlobals) = postSolution
		SolutionGuid = {0E0A6026-811F-4180-8567-6A0739CB8BB8}
	EndGlobalSection
EndGlobal
